// !$*UTF8*$!
{
	archiveVersion = 1;
	classes = {
	};
	objectVersion = 56;
	objects = {

/* Begin PBXBuildFile section */
		B4023D422950E31E0008BDA6 /* AppDelegate.swift in Sources */ = {isa = PBXBuildFile; fileRef = B4023D412950E31E0008BDA6 /* AppDelegate.swift */; };
		B4023D442950E31E0008BDA6 /* SceneDelegate.swift in Sources */ = {isa = PBXBuildFile; fileRef = B4023D432950E31E0008BDA6 /* SceneDelegate.swift */; };
		B4023D462950E31E0008BDA6 /* InitialViewController.swift in Sources */ = {isa = PBXBuildFile; fileRef = B4023D452950E31E0008BDA6 /* InitialViewController.swift */; };
		B4023D4B2950E31F0008BDA6 /* Assets.xcassets in Resources */ = {isa = PBXBuildFile; fileRef = B4023D4A2950E31F0008BDA6 /* Assets.xcassets */; };
		B4023D4E2950E31F0008BDA6 /* LaunchScreen.storyboard in Resources */ = {isa = PBXBuildFile; fileRef = B4023D4C2950E31F0008BDA6 /* LaunchScreen.storyboard */; };
		B4023D572950E66D0008BDA6 /* SnapKit in Frameworks */ = {isa = PBXBuildFile; productRef = B4023D562950E66D0008BDA6 /* SnapKit */; };
		B4023D5A2950F4A40008BDA6 /* ConnectionStateView.swift in Sources */ = {isa = PBXBuildFile; fileRef = B4023D592950F4A40008BDA6 /* ConnectionStateView.swift */; };
		B4023D6029510E310008BDA6 /* Lottie in Frameworks */ = {isa = PBXBuildFile; productRef = B4023D5F29510E310008BDA6 /* Lottie */; };
		B4023D662951121E0008BDA6 /* Helper.swift in Sources */ = {isa = PBXBuildFile; fileRef = B4023D652951121E0008BDA6 /* Helper.swift */; };
		B4023D7F2951F4E90008BDA6 /* MainScreenView.swift in Sources */ = {isa = PBXBuildFile; fileRef = B4023D7E2951F4E90008BDA6 /* MainScreenView.swift */; };
		B4023D9E295386E20008BDA6 /* purchaseAnimation.json in Resources */ = {isa = PBXBuildFile; fileRef = B4023D94295386E10008BDA6 /* purchaseAnimation.json */; };
		B4023D9F295386E20008BDA6 /* connectedVPN.json in Resources */ = {isa = PBXBuildFile; fileRef = B4023D95295386E10008BDA6 /* connectedVPN.json */; };
		B4023DA0295386E20008BDA6 /* globeLoading.json in Resources */ = {isa = PBXBuildFile; fileRef = B4023D96295386E10008BDA6 /* globeLoading.json */; };
		B4023DA2295386E20008BDA6 /* vpn_connected.json in Resources */ = {isa = PBXBuildFile; fileRef = B4023D98295386E10008BDA6 /* vpn_connected.json */; };
		B4023DA3295386E20008BDA6 /* vpn_lock.json in Resources */ = {isa = PBXBuildFile; fileRef = B4023D99295386E10008BDA6 /* vpn_lock.json */; };
		B4023DA4295386E20008BDA6 /* guard_button.json in Resources */ = {isa = PBXBuildFile; fileRef = B4023D9A295386E10008BDA6 /* guard_button.json */; };
		B4023DA5295386E20008BDA6 /* world_location.json in Resources */ = {isa = PBXBuildFile; fileRef = B4023D9B295386E10008BDA6 /* world_location.json */; };
		B4023DA6295386E20008BDA6 /* data_secure.json in Resources */ = {isa = PBXBuildFile; fileRef = B4023D9C295386E20008BDA6 /* data_secure.json */; };
		B4023DC02954751C0008BDA6 /* Keychain.swift in Sources */ = {isa = PBXBuildFile; fileRef = B4023DBF2954751C0008BDA6 /* Keychain.swift */; };
		B4023DC22954752C0008BDA6 /* KeychainItemAccessibility.swift in Sources */ = {isa = PBXBuildFile; fileRef = B4023DC12954752C0008BDA6 /* KeychainItemAccessibility.swift */; };
		B4023DC52954A0050008BDA6 /* KeychainAccess in Frameworks */ = {isa = PBXBuildFile; productRef = B4023DC42954A0050008BDA6 /* KeychainAccess */; };
		B4184A172955C9AA0051EB79 /* ServerListTableViewCell.swift in Sources */ = {isa = PBXBuildFile; fileRef = B4184A162955C9AA0051EB79 /* ServerListTableViewCell.swift */; };
/* End PBXBuildFile section */

/* Begin PBXCopyFilesBuildPhase section */
		B4023D9329530F2F0008BDA6 /* Embed Foundation Extensions */ = {
			isa = PBXCopyFilesBuildPhase;
			buildActionMask = 2147483647;
			dstPath = "";
			dstSubfolderSpec = 13;
			files = (
			);
			name = "Embed Foundation Extensions";
			runOnlyForDeploymentPostprocessing = 0;
		};
/* End PBXCopyFilesBuildPhase section */

/* Begin PBXFileReference section */
		B4023D3E2950E31E0008BDA6 /* canvpn.app */ = {isa = PBXFileReference; explicitFileType = wrapper.application; includeInIndex = 0; path = canvpn.app; sourceTree = BUILT_PRODUCTS_DIR; };
		B4023D412950E31E0008BDA6 /* AppDelegate.swift */ = {isa = PBXFileReference; lastKnownFileType = sourcecode.swift; path = AppDelegate.swift; sourceTree = "<group>"; };
		B4023D432950E31E0008BDA6 /* SceneDelegate.swift */ = {isa = PBXFileReference; lastKnownFileType = sourcecode.swift; path = SceneDelegate.swift; sourceTree = "<group>"; };
		B4023D452950E31E0008BDA6 /* InitialViewController.swift */ = {isa = PBXFileReference; lastKnownFileType = sourcecode.swift; path = InitialViewController.swift; sourceTree = "<group>"; };
		B4023D4A2950E31F0008BDA6 /* Assets.xcassets */ = {isa = PBXFileReference; lastKnownFileType = folder.assetcatalog; path = Assets.xcassets; sourceTree = "<group>"; };
		B4023D4D2950E31F0008BDA6 /* Base */ = {isa = PBXFileReference; lastKnownFileType = file.storyboard; name = Base; path = Base.lproj/LaunchScreen.storyboard; sourceTree = "<group>"; };
		B4023D4F2950E31F0008BDA6 /* Info.plist */ = {isa = PBXFileReference; lastKnownFileType = text.plist.xml; path = Info.plist; sourceTree = "<group>"; };
		B4023D592950F4A40008BDA6 /* ConnectionStateView.swift */ = {isa = PBXFileReference; lastKnownFileType = sourcecode.swift; path = ConnectionStateView.swift; sourceTree = "<group>"; };
		B4023D652951121E0008BDA6 /* Helper.swift */ = {isa = PBXFileReference; lastKnownFileType = sourcecode.swift; path = Helper.swift; sourceTree = "<group>"; };
		B4023D7E2951F4E90008BDA6 /* MainScreenView.swift */ = {isa = PBXFileReference; lastKnownFileType = sourcecode.swift; path = MainScreenView.swift; sourceTree = "<group>"; };
		B4023D8629530F2F0008BDA6 /* NetworkExtension.framework */ = {isa = PBXFileReference; lastKnownFileType = wrapper.framework; name = NetworkExtension.framework; path = System/Library/Frameworks/NetworkExtension.framework; sourceTree = SDKROOT; };
		B4023D94295386E10008BDA6 /* purchaseAnimation.json */ = {isa = PBXFileReference; fileEncoding = 4; lastKnownFileType = text.json; path = purchaseAnimation.json; sourceTree = "<group>"; };
		B4023D95295386E10008BDA6 /* connectedVPN.json */ = {isa = PBXFileReference; fileEncoding = 4; lastKnownFileType = text.json; path = connectedVPN.json; sourceTree = "<group>"; };
		B4023D96295386E10008BDA6 /* globeLoading.json */ = {isa = PBXFileReference; fileEncoding = 4; lastKnownFileType = text.json; path = globeLoading.json; sourceTree = "<group>"; };
		B4023D98295386E10008BDA6 /* vpn_connected.json */ = {isa = PBXFileReference; fileEncoding = 4; lastKnownFileType = text.json; path = vpn_connected.json; sourceTree = "<group>"; };
		B4023D99295386E10008BDA6 /* vpn_lock.json */ = {isa = PBXFileReference; fileEncoding = 4; lastKnownFileType = text.json; path = vpn_lock.json; sourceTree = "<group>"; };
		B4023D9A295386E10008BDA6 /* guard_button.json */ = {isa = PBXFileReference; fileEncoding = 4; lastKnownFileType = text.json; path = guard_button.json; sourceTree = "<group>"; };
		B4023D9B295386E10008BDA6 /* world_location.json */ = {isa = PBXFileReference; fileEncoding = 4; lastKnownFileType = text.json; path = world_location.json; sourceTree = "<group>"; };
		B4023D9C295386E20008BDA6 /* data_secure.json */ = {isa = PBXFileReference; fileEncoding = 4; lastKnownFileType = text.json; path = data_secure.json; sourceTree = "<group>"; };
		B4023DBF2954751C0008BDA6 /* Keychain.swift */ = {isa = PBXFileReference; lastKnownFileType = sourcecode.swift; path = Keychain.swift; sourceTree = "<group>"; };
		B4023DC12954752C0008BDA6 /* KeychainItemAccessibility.swift */ = {isa = PBXFileReference; lastKnownFileType = sourcecode.swift; path = KeychainItemAccessibility.swift; sourceTree = "<group>"; };
		B4023DC62954A9DB0008BDA6 /* canvpn.entitlements */ = {isa = PBXFileReference; lastKnownFileType = text.plist.entitlements; path = canvpn.entitlements; sourceTree = "<group>"; };
		B4184A162955C9AA0051EB79 /* ServerListTableViewCell.swift */ = {isa = PBXFileReference; lastKnownFileType = sourcecode.swift; path = ServerListTableViewCell.swift; sourceTree = "<group>"; };
/* End PBXFileReference section */

/* Begin PBXFrameworksBuildPhase section */
		B4023D3B2950E31E0008BDA6 /* Frameworks */ = {
			isa = PBXFrameworksBuildPhase;
			buildActionMask = 2147483647;
			files = (
				B4023D572950E66D0008BDA6 /* SnapKit in Frameworks */,
				B4023D6029510E310008BDA6 /* Lottie in Frameworks */,
				B4023DC52954A0050008BDA6 /* KeychainAccess in Frameworks */,
			);
			runOnlyForDeploymentPostprocessing = 0;
		};
/* End PBXFrameworksBuildPhase section */

/* Begin PBXGroup section */
		B4023D352950E31E0008BDA6 = {
			isa = PBXGroup;
			children = (
				B4023D402950E31E0008BDA6 /* canvpn */,
				B4023D8529530F2F0008BDA6 /* Frameworks */,
				B4023D3F2950E31E0008BDA6 /* Products */,
			);
			sourceTree = "<group>";
		};
		B4023D3F2950E31E0008BDA6 /* Products */ = {
			isa = PBXGroup;
			children = (
				B4023D3E2950E31E0008BDA6 /* canvpn.app */,
			);
			name = Products;
			sourceTree = "<group>";
		};
		B4023D402950E31E0008BDA6 /* canvpn */ = {
			isa = PBXGroup;
			children = (
				B4023DC62954A9DB0008BDA6 /* canvpn.entitlements */,
				B4023DBE295475070008BDA6 /* KeychainStorage */,
				B4023D642951120F0008BDA6 /* Helpers */,
				B4023D6229510E4F0008BDA6 /* Core */,
				B4023D582950F4910008BDA6 /* Views */,
				B4023D452950E31E0008BDA6 /* InitialViewController.swift */,
				B4023D6129510E400008BDA6 /* Resources */,
				B4023D4A2950E31F0008BDA6 /* Assets.xcassets */,
				B4023D4F2950E31F0008BDA6 /* Info.plist */,
			);
			path = canvpn;
			sourceTree = "<group>";
		};
		B4023D582950F4910008BDA6 /* Views */ = {
			isa = PBXGroup;
			children = (
				B4023D592950F4A40008BDA6 /* ConnectionStateView.swift */,
				B4023D7E2951F4E90008BDA6 /* MainScreenView.swift */,
				B4184A162955C9AA0051EB79 /* ServerListTableViewCell.swift */,
			);
			path = Views;
			sourceTree = "<group>";
		};
		B4023D6129510E400008BDA6 /* Resources */ = {
			isa = PBXGroup;
			children = (
				B4023D67295113480008BDA6 /* LottieAnims */,
			);
			path = Resources;
			sourceTree = "<group>";
		};
		B4023D6229510E4F0008BDA6 /* Core */ = {
			isa = PBXGroup;
			children = (
				B4023D412950E31E0008BDA6 /* AppDelegate.swift */,
				B4023D432950E31E0008BDA6 /* SceneDelegate.swift */,
				B4023D4C2950E31F0008BDA6 /* LaunchScreen.storyboard */,
			);
			path = Core;
			sourceTree = "<group>";
		};
		B4023D642951120F0008BDA6 /* Helpers */ = {
			isa = PBXGroup;
			children = (
				B4023D652951121E0008BDA6 /* Helper.swift */,
			);
			path = Helpers;
			sourceTree = "<group>";
		};
		B4023D67295113480008BDA6 /* LottieAnims */ = {
			isa = PBXGroup;
			children = (
				B4023D95295386E10008BDA6 /* connectedVPN.json */,
				B4023D9C295386E20008BDA6 /* data_secure.json */,
				B4023D96295386E10008BDA6 /* globeLoading.json */,
				B4023D9A295386E10008BDA6 /* guard_button.json */,
				B4023D94295386E10008BDA6 /* purchaseAnimation.json */,
				B4023D98295386E10008BDA6 /* vpn_connected.json */,
				B4023D99295386E10008BDA6 /* vpn_lock.json */,
				B4023D9B295386E10008BDA6 /* world_location.json */,
			);
			path = LottieAnims;
			sourceTree = "<group>";
		};
		B4023D8529530F2F0008BDA6 /* Frameworks */ = {
			isa = PBXGroup;
			children = (
				B4023D8629530F2F0008BDA6 /* NetworkExtension.framework */,
			);
			name = Frameworks;
			sourceTree = "<group>";
		};
		B4023DBE295475070008BDA6 /* KeychainStorage */ = {
			isa = PBXGroup;
			children = (
				B4023DBF2954751C0008BDA6 /* Keychain.swift */,
				B4023DC12954752C0008BDA6 /* KeychainItemAccessibility.swift */,
			);
			path = KeychainStorage;
			sourceTree = "<group>";
		};
/* End PBXGroup section */

/* Begin PBXNativeTarget section */
		B4023D3D2950E31E0008BDA6 /* canvpn */ = {
			isa = PBXNativeTarget;
			buildConfigurationList = B4023D522950E31F0008BDA6 /* Build configuration list for PBXNativeTarget "canvpn" */;
			buildPhases = (
				B4023D3A2950E31E0008BDA6 /* Sources */,
				B4023D3B2950E31E0008BDA6 /* Frameworks */,
				B4023D3C2950E31E0008BDA6 /* Resources */,
				B4023D9329530F2F0008BDA6 /* Embed Foundation Extensions */,
			);
			buildRules = (
			);
			dependencies = (
			);
			name = canvpn;
			packageProductDependencies = (
				B4023D562950E66D0008BDA6 /* SnapKit */,
				B4023D5F29510E310008BDA6 /* Lottie */,
				B4023DC42954A0050008BDA6 /* KeychainAccess */,
			);
			productName = canvpn;
			productReference = B4023D3E2950E31E0008BDA6 /* canvpn.app */;
			productType = "com.apple.product-type.application";
		};
/* End PBXNativeTarget section */

/* Begin PBXProject section */
		B4023D362950E31E0008BDA6 /* Project object */ = {
			isa = PBXProject;
			attributes = {
				BuildIndependentTargetsInParallel = 1;
				LastSwiftUpdateCheck = 1400;
				LastUpgradeCheck = 1400;
				TargetAttributes = {
					B4023D3D2950E31E0008BDA6 = {
						CreatedOnToolsVersion = 14.0.1;
					};
				};
			};
			buildConfigurationList = B4023D392950E31E0008BDA6 /* Build configuration list for PBXProject "canvpn" */;
			compatibilityVersion = "Xcode 14.0";
			developmentRegion = en;
			hasScannedForEncodings = 0;
			knownRegions = (
				en,
				Base,
			);
			mainGroup = B4023D352950E31E0008BDA6;
			packageReferences = (
				B4023D552950E66D0008BDA6 /* XCRemoteSwiftPackageReference "SnapKit" */,
				B4023D5E29510E310008BDA6 /* XCRemoteSwiftPackageReference "lottie-ios" */,
				B4023DC32954A0050008BDA6 /* XCRemoteSwiftPackageReference "KeychainAccess" */,
			);
			productRefGroup = B4023D3F2950E31E0008BDA6 /* Products */;
			projectDirPath = "";
			projectRoot = "";
			targets = (
				B4023D3D2950E31E0008BDA6 /* canvpn */,
			);
		};
/* End PBXProject section */

/* Begin PBXResourcesBuildPhase section */
		B4023D3C2950E31E0008BDA6 /* Resources */ = {
			isa = PBXResourcesBuildPhase;
			buildActionMask = 2147483647;
			files = (
				B4023DA4295386E20008BDA6 /* guard_button.json in Resources */,
				B4023DA5295386E20008BDA6 /* world_location.json in Resources */,
				B4023DA6295386E20008BDA6 /* data_secure.json in Resources */,
				B4023DA3295386E20008BDA6 /* vpn_lock.json in Resources */,
				B4023D9F295386E20008BDA6 /* connectedVPN.json in Resources */,
				B4023DA2295386E20008BDA6 /* vpn_connected.json in Resources */,
				B4023D4E2950E31F0008BDA6 /* LaunchScreen.storyboard in Resources */,
				B4023D9E295386E20008BDA6 /* purchaseAnimation.json in Resources */,
				B4023DA0295386E20008BDA6 /* globeLoading.json in Resources */,
				B4023D4B2950E31F0008BDA6 /* Assets.xcassets in Resources */,
			);
			runOnlyForDeploymentPostprocessing = 0;
		};
/* End PBXResourcesBuildPhase section */

/* Begin PBXSourcesBuildPhase section */
		B4023D3A2950E31E0008BDA6 /* Sources */ = {
			isa = PBXSourcesBuildPhase;
			buildActionMask = 2147483647;
			files = (
				B4023D5A2950F4A40008BDA6 /* ConnectionStateView.swift in Sources */,
				B4023D7F2951F4E90008BDA6 /* MainScreenView.swift in Sources */,
				B4023D462950E31E0008BDA6 /* InitialViewController.swift in Sources */,
				B4023D662951121E0008BDA6 /* Helper.swift in Sources */,
				B4023D422950E31E0008BDA6 /* AppDelegate.swift in Sources */,
				B4023DC22954752C0008BDA6 /* KeychainItemAccessibility.swift in Sources */,
				B4184A172955C9AA0051EB79 /* ServerListTableViewCell.swift in Sources */,
				B4023D442950E31E0008BDA6 /* SceneDelegate.swift in Sources */,
				B4023DC02954751C0008BDA6 /* Keychain.swift in Sources */,
			);
			runOnlyForDeploymentPostprocessing = 0;
		};
/* End PBXSourcesBuildPhase section */

/* Begin PBXVariantGroup section */
		B4023D4C2950E31F0008BDA6 /* LaunchScreen.storyboard */ = {
			isa = PBXVariantGroup;
			children = (
				B4023D4D2950E31F0008BDA6 /* Base */,
			);
			name = LaunchScreen.storyboard;
			sourceTree = "<group>";
		};
/* End PBXVariantGroup section */

/* Begin XCBuildConfiguration section */
		B4023D502950E31F0008BDA6 /* Debug */ = {
			isa = XCBuildConfiguration;
			buildSettings = {
				ALWAYS_SEARCH_USER_PATHS = NO;
				CLANG_ANALYZER_NONNULL = YES;
				CLANG_ANALYZER_NUMBER_OBJECT_CONVERSION = YES_AGGRESSIVE;
				CLANG_CXX_LANGUAGE_STANDARD = "gnu++20";
				CLANG_ENABLE_MODULES = YES;
				CLANG_ENABLE_OBJC_ARC = YES;
				CLANG_ENABLE_OBJC_WEAK = YES;
				CLANG_WARN_BLOCK_CAPTURE_AUTORELEASING = YES;
				CLANG_WARN_BOOL_CONVERSION = YES;
				CLANG_WARN_COMMA = YES;
				CLANG_WARN_CONSTANT_CONVERSION = YES;
				CLANG_WARN_DEPRECATED_OBJC_IMPLEMENTATIONS = YES;
				CLANG_WARN_DIRECT_OBJC_ISA_USAGE = YES_ERROR;
				CLANG_WARN_DOCUMENTATION_COMMENTS = YES;
				CLANG_WARN_EMPTY_BODY = YES;
				CLANG_WARN_ENUM_CONVERSION = YES;
				CLANG_WARN_INFINITE_RECURSION = YES;
				CLANG_WARN_INT_CONVERSION = YES;
				CLANG_WARN_NON_LITERAL_NULL_CONVERSION = YES;
				CLANG_WARN_OBJC_IMPLICIT_RETAIN_SELF = YES;
				CLANG_WARN_OBJC_LITERAL_CONVERSION = YES;
				CLANG_WARN_OBJC_ROOT_CLASS = YES_ERROR;
				CLANG_WARN_QUOTED_INCLUDE_IN_FRAMEWORK_HEADER = YES;
				CLANG_WARN_RANGE_LOOP_ANALYSIS = YES;
				CLANG_WARN_STRICT_PROTOTYPES = YES;
				CLANG_WARN_SUSPICIOUS_MOVE = YES;
				CLANG_WARN_UNGUARDED_AVAILABILITY = YES_AGGRESSIVE;
				CLANG_WARN_UNREACHABLE_CODE = YES;
				CLANG_WARN__DUPLICATE_METHOD_MATCH = YES;
				COPY_PHASE_STRIP = NO;
				DEBUG_INFORMATION_FORMAT = dwarf;
				ENABLE_STRICT_OBJC_MSGSEND = YES;
				ENABLE_TESTABILITY = YES;
				GCC_C_LANGUAGE_STANDARD = gnu11;
				GCC_DYNAMIC_NO_PIC = NO;
				GCC_NO_COMMON_BLOCKS = YES;
				GCC_OPTIMIZATION_LEVEL = 0;
				GCC_PREPROCESSOR_DEFINITIONS = (
					"DEBUG=1",
					"$(inherited)",
				);
				GCC_WARN_64_TO_32_BIT_CONVERSION = YES;
				GCC_WARN_ABOUT_RETURN_TYPE = YES_ERROR;
				GCC_WARN_UNDECLARED_SELECTOR = YES;
				GCC_WARN_UNINITIALIZED_AUTOS = YES_AGGRESSIVE;
				GCC_WARN_UNUSED_FUNCTION = YES;
				GCC_WARN_UNUSED_VARIABLE = YES;
				IPHONEOS_DEPLOYMENT_TARGET = 13.0;
				MTL_ENABLE_DEBUG_INFO = INCLUDE_SOURCE;
				MTL_FAST_MATH = YES;
				ONLY_ACTIVE_ARCH = YES;
				SDKROOT = iphoneos;
				SWIFT_ACTIVE_COMPILATION_CONDITIONS = DEBUG;
				SWIFT_OPTIMIZATION_LEVEL = "-Onone";
			};
			name = Debug;
		};
		B4023D512950E31F0008BDA6 /* Release */ = {
			isa = XCBuildConfiguration;
			buildSettings = {
				ALWAYS_SEARCH_USER_PATHS = NO;
				CLANG_ANALYZER_NONNULL = YES;
				CLANG_ANALYZER_NUMBER_OBJECT_CONVERSION = YES_AGGRESSIVE;
				CLANG_CXX_LANGUAGE_STANDARD = "gnu++20";
				CLANG_ENABLE_MODULES = YES;
				CLANG_ENABLE_OBJC_ARC = YES;
				CLANG_ENABLE_OBJC_WEAK = YES;
				CLANG_WARN_BLOCK_CAPTURE_AUTORELEASING = YES;
				CLANG_WARN_BOOL_CONVERSION = YES;
				CLANG_WARN_COMMA = YES;
				CLANG_WARN_CONSTANT_CONVERSION = YES;
				CLANG_WARN_DEPRECATED_OBJC_IMPLEMENTATIONS = YES;
				CLANG_WARN_DIRECT_OBJC_ISA_USAGE = YES_ERROR;
				CLANG_WARN_DOCUMENTATION_COMMENTS = YES;
				CLANG_WARN_EMPTY_BODY = YES;
				CLANG_WARN_ENUM_CONVERSION = YES;
				CLANG_WARN_INFINITE_RECURSION = YES;
				CLANG_WARN_INT_CONVERSION = YES;
				CLANG_WARN_NON_LITERAL_NULL_CONVERSION = YES;
				CLANG_WARN_OBJC_IMPLICIT_RETAIN_SELF = YES;
				CLANG_WARN_OBJC_LITERAL_CONVERSION = YES;
				CLANG_WARN_OBJC_ROOT_CLASS = YES_ERROR;
				CLANG_WARN_QUOTED_INCLUDE_IN_FRAMEWORK_HEADER = YES;
				CLANG_WARN_RANGE_LOOP_ANALYSIS = YES;
				CLANG_WARN_STRICT_PROTOTYPES = YES;
				CLANG_WARN_SUSPICIOUS_MOVE = YES;
				CLANG_WARN_UNGUARDED_AVAILABILITY = YES_AGGRESSIVE;
				CLANG_WARN_UNREACHABLE_CODE = YES;
				CLANG_WARN__DUPLICATE_METHOD_MATCH = YES;
				COPY_PHASE_STRIP = NO;
				DEBUG_INFORMATION_FORMAT = "dwarf-with-dsym";
				ENABLE_NS_ASSERTIONS = NO;
				ENABLE_STRICT_OBJC_MSGSEND = YES;
				GCC_C_LANGUAGE_STANDARD = gnu11;
				GCC_NO_COMMON_BLOCKS = YES;
				GCC_WARN_64_TO_32_BIT_CONVERSION = YES;
				GCC_WARN_ABOUT_RETURN_TYPE = YES_ERROR;
				GCC_WARN_UNDECLARED_SELECTOR = YES;
				GCC_WARN_UNINITIALIZED_AUTOS = YES_AGGRESSIVE;
				GCC_WARN_UNUSED_FUNCTION = YES;
				GCC_WARN_UNUSED_VARIABLE = YES;
				IPHONEOS_DEPLOYMENT_TARGET = 13.0;
				MTL_ENABLE_DEBUG_INFO = NO;
				MTL_FAST_MATH = YES;
				SDKROOT = iphoneos;
				SWIFT_COMPILATION_MODE = wholemodule;
				SWIFT_OPTIMIZATION_LEVEL = "-O";
				VALIDATE_PRODUCT = YES;
			};
			name = Release;
		};
		B4023D532950E31F0008BDA6 /* Debug */ = {
			isa = XCBuildConfiguration;
			buildSettings = {
				ASSETCATALOG_COMPILER_APPICON_NAME = AppIcon;
				ASSETCATALOG_COMPILER_GLOBAL_ACCENT_COLOR_NAME = AccentColor;
				CODE_SIGN_ENTITLEMENTS = canvpn/canvpn.entitlements;
				CODE_SIGN_STYLE = Automatic;
				CURRENT_PROJECT_VERSION = 1;
				DEVELOPMENT_TEAM = V4AN9PQ642;
				GENERATE_INFOPLIST_FILE = YES;
				INFOPLIST_FILE = canvpn/Info.plist;
				INFOPLIST_KEY_UIApplicationSupportsIndirectInputEvents = YES;
				INFOPLIST_KEY_UILaunchStoryboardName = LaunchScreen;
				INFOPLIST_KEY_UISupportedInterfaceOrientations_iPad = "UIInterfaceOrientationPortrait UIInterfaceOrientationPortraitUpsideDown UIInterfaceOrientationLandscapeLeft UIInterfaceOrientationLandscapeRight";
				INFOPLIST_KEY_UISupportedInterfaceOrientations_iPhone = "UIInterfaceOrientationPortrait UIInterfaceOrientationLandscapeLeft UIInterfaceOrientationLandscapeRight";
				IPHONEOS_DEPLOYMENT_TARGET = 13.0;
				LD_RUNPATH_SEARCH_PATHS = (
					"$(inherited)",
					"@executable_path/Frameworks",
				);
				MARKETING_VERSION = 1.0;
				PRODUCT_BUNDLE_IDENTIFIER = com.arbtech.canvpn;
				PRODUCT_NAME = "$(TARGET_NAME)";
				SWIFT_EMIT_LOC_STRINGS = YES;
				SWIFT_VERSION = 5.0;
				TARGETED_DEVICE_FAMILY = "1,2";
			};
			name = Debug;
		};
		B4023D542950E31F0008BDA6 /* Release */ = {
			isa = XCBuildConfiguration;
			buildSettings = {
				ASSETCATALOG_COMPILER_APPICON_NAME = AppIcon;
				ASSETCATALOG_COMPILER_GLOBAL_ACCENT_COLOR_NAME = AccentColor;
				CODE_SIGN_ENTITLEMENTS = canvpn/canvpn.entitlements;
				CODE_SIGN_STYLE = Automatic;
				CURRENT_PROJECT_VERSION = 1;
				DEVELOPMENT_TEAM = V4AN9PQ642;
				GENERATE_INFOPLIST_FILE = YES;
				INFOPLIST_FILE = canvpn/Info.plist;
				INFOPLIST_KEY_UIApplicationSupportsIndirectInputEvents = YES;
				INFOPLIST_KEY_UILaunchStoryboardName = LaunchScreen;
				INFOPLIST_KEY_UISupportedInterfaceOrientations_iPad = "UIInterfaceOrientationPortrait UIInterfaceOrientationPortraitUpsideDown UIInterfaceOrientationLandscapeLeft UIInterfaceOrientationLandscapeRight";
				INFOPLIST_KEY_UISupportedInterfaceOrientations_iPhone = "UIInterfaceOrientationPortrait UIInterfaceOrientationLandscapeLeft UIInterfaceOrientationLandscapeRight";
				IPHONEOS_DEPLOYMENT_TARGET = 13.0;
				LD_RUNPATH_SEARCH_PATHS = (
					"$(inherited)",
					"@executable_path/Frameworks",
				);
				MARKETING_VERSION = 1.0;
				PRODUCT_BUNDLE_IDENTIFIER = com.arbtech.canvpn;
				PRODUCT_NAME = "$(TARGET_NAME)";
				SWIFT_EMIT_LOC_STRINGS = YES;
				SWIFT_VERSION = 5.0;
				TARGETED_DEVICE_FAMILY = "1,2";
			};
			name = Release;
		};
/* End XCBuildConfiguration section */

/* Begin XCConfigurationList section */
		B4023D392950E31E0008BDA6 /* Build configuration list for PBXProject "canvpn" */ = {
			isa = XCConfigurationList;
			buildConfigurations = (
				B4023D502950E31F0008BDA6 /* Debug */,
				B4023D512950E31F0008BDA6 /* Release */,
			);
			defaultConfigurationIsVisible = 0;
			defaultConfigurationName = Release;
		};
		B4023D522950E31F0008BDA6 /* Build configuration list for PBXNativeTarget "canvpn" */ = {
			isa = XCConfigurationList;
			buildConfigurations = (
				B4023D532950E31F0008BDA6 /* Debug */,
				B4023D542950E31F0008BDA6 /* Release */,
			);
			defaultConfigurationIsVisible = 0;
			defaultConfigurationName = Release;
		};
/* End XCConfigurationList section */

/* Begin XCRemoteSwiftPackageReference section */
		B4023D552950E66D0008BDA6 /* XCRemoteSwiftPackageReference "SnapKit" */ = {
			isa = XCRemoteSwiftPackageReference;
			repositoryURL = "https://github.com/SnapKit/SnapKit.git";
			requirement = {
				kind = upToNextMajorVersion;
				minimumVersion = 5.0.0;
			};
		};
		B4023D5E29510E310008BDA6 /* XCRemoteSwiftPackageReference "lottie-ios" */ = {
			isa = XCRemoteSwiftPackageReference;
			repositoryURL = "https://github.com/airbnb/lottie-ios.git";
			requirement = {
				kind = upToNextMajorVersion;
				minimumVersion = 4.0.0;
			};
		};
		B4023DC32954A0050008BDA6 /* XCRemoteSwiftPackageReference "KeychainAccess" */ = {
			isa = XCRemoteSwiftPackageReference;
			repositoryURL = "https://github.com/kishikawakatsumi/KeychainAccess";
			requirement = {
				branch = master;
				kind = branch;
			};
		};
/* End XCRemoteSwiftPackageReference section */

/* Begin XCSwiftPackageProductDependency section */
		B4023D562950E66D0008BDA6 /* SnapKit */ = {
			isa = XCSwiftPackageProductDependency;
			package = B4023D552950E66D0008BDA6 /* XCRemoteSwiftPackageReference "SnapKit" */;
			productName = SnapKit;
		};
		B4023D5F29510E310008BDA6 /* Lottie */ = {
			isa = XCSwiftPackageProductDependency;
			package = B4023D5E29510E310008BDA6 /* XCRemoteSwiftPackageReference "lottie-ios" */;
			productName = Lottie;
		};
		B4023DC42954A0050008BDA6 /* KeychainAccess */ = {
			isa = XCSwiftPackageProductDependency;
			package = B4023DC32954A0050008BDA6 /* XCRemoteSwiftPackageReference "KeychainAccess" */;
			productName = KeychainAccess;
		};
/* End XCSwiftPackageProductDependency section */
	};
	rootObject = B4023D362950E31E0008BDA6 /* Project object */;
}
